
Microsoft Visual Studio Solution File, Format Version 12.00
# Visual Studio Version 17
VisualStudioVersion = 17.12.35521.163
MinimumVisualStudioVersion = 10.0.40219.1
Project("{FAE04EC0-301F-11D3-BF4B-00C04F79EFBC}") = "ThermoWave.Web", "ThermoWave\ThermoWave.Web.csproj", "{38F0FDBA-0E19-4633-A6DC-F55D310CFBAE}"
EndProject
Project("{FAE04EC0-301F-11D3-BF4B-00C04F79EFBC}") = "ThermoWave.Domain", "ThermoWave.Domain\ThermoWave.Domain.csproj", "{F1075FC1-C1EA-4EB0-8443-F98AB33AC638}"
EndProject
Project("{2150E333-8FDC-42A3-9474-1A3956D46DE8}") = "1 - Web", "1 - Web", "{02EA681E-C7D8-13C7-8484-4AC65E1B71E8}"
EndProject
Project("{2150E333-8FDC-42A3-9474-1A3956D46DE8}") = "2 - Domain", "2 - Domain", "{F5DCA16B-5122-4DE9-B834-C70B1BEA26B2}"
EndProject
Global
	GlobalSection(SolutionConfigurationPlatforms) = preSolution
		Debug|Any CPU = Debug|Any CPU
		Release|Any CPU = Release|Any CPU
	EndGlobalSection
	GlobalSection(ProjectConfigurationPlatforms) = postSolution
		{38F0FDBA-0E19-4633-A6DC-F55D310CFBAE}.Debug|Any CPU.ActiveCfg = Debug|Any CPU
		{38F0FDBA-0E19-4633-A6DC-F55D310CFBAE}.Debug|Any CPU.Build.0 = Debug|Any CPU
		{38F0FDBA-0E19-4633-A6DC-F55D310CFBAE}.Release|Any CPU.ActiveCfg = Release|Any CPU
		{38F0FDBA-0E19-4633-A6DC-F55D310CFBAE}.Release|Any CPU.Build.0 = Release|Any CPU
		{F1075FC1-C1EA-4EB0-8443-F98AB33AC638}.Debug|Any CPU.ActiveCfg = Debug|Any CPU
		{F1075FC1-C1EA-4EB0-8443-F98AB33AC638}.Debug|Any CPU.Build.0 = Debug|Any CPU
		{F1075FC1-C1EA-4EB0-8443-F98AB33AC638}.Release|Any CPU.ActiveCfg = Release|Any CPU
		{F1075FC1-C1EA-4EB0-8443-F98AB33AC638}.Release|Any CPU.Build.0 = Release|Any CPU
	EndGlobalSection
	GlobalSection(SolutionProperties) = preSolution
		HideSolutionNode = FALSE
	EndGlobalSection
	GlobalSection(NestedProjects) = preSolution
		{38F0FDBA-0E19-4633-A6DC-F55D310CFBAE} = {02EA681E-C7D8-13C7-8484-4AC65E1B71E8}
		{F1075FC1-C1EA-4EB0-8443-F98AB33AC638} = {F5DCA16B-5122-4DE9-B834-C70B1BEA26B2}
	EndGlobalSection
	GlobalSection(ExtensibilityGlobals) = postSolution
		SolutionGuid = {E2D18513-E9DD-463F-B710-43DB76EF9A88}
	EndGlobalSection
EndGlobal
